// !$*UTF8*$!
{
	archiveVersion = 1;
	classes = {
	};
	objectVersion = 56;
	objects = {

/* Begin PBXBuildFile section */
		9E991EA729E99292004ED28A /* AstroHuntApp.swift in Sources */ = {isa = PBXBuildFile; fileRef = 9E991EA629E99292004ED28A /* AstroHuntApp.swift */; };
		9E991EA929E99292004ED28A /* ContentView.swift in Sources */ = {isa = PBXBuildFile; fileRef = 9E991EA829E99292004ED28A /* ContentView.swift */; };
		9E991EAB29E99293004ED28A /* Assets.xcassets in Resources */ = {isa = PBXBuildFile; fileRef = 9E991EAA29E99293004ED28A /* Assets.xcassets */; };
		9E991EAE29E99293004ED28A /* Preview Assets.xcassets in Resources */ = {isa = PBXBuildFile; fileRef = 9E991EAD29E99293004ED28A /* Preview Assets.xcassets */; };
		9E991EB729E99668004ED28A /* AstronautRow.swift in Sources */ = {isa = PBXBuildFile; fileRef = 9E991EB629E99668004ED28A /* AstronautRow.swift */; };
		9E991EBA29E9971E004ED28A /* Astronaut.swift in Sources */ = {isa = PBXBuildFile; fileRef = 9E991EB929E9971E004ED28A /* Astronaut.swift */; };
		9E991EC029EA53C8004ED28A /* NetworkManager.swift in Sources */ = {isa = PBXBuildFile; fileRef = 9E991EBF29EA53C8004ED28A /* NetworkManager.swift */; };
		9E991EC229EBA453004ED28A /* LoadingView.swift in Sources */ = {isa = PBXBuildFile; fileRef = 9E991EC129EBA453004ED28A /* LoadingView.swift */; };
		9E991EC429EBB3D4004ED28A /* DetailView.swift in Sources */ = {isa = PBXBuildFile; fileRef = 9E991EC329EBB3D4004ED28A /* DetailView.swift */; };
		9E991EC629ED6252004ED28A /* CircleImage.swift in Sources */ = {isa = PBXBuildFile; fileRef = 9E991EC529ED6252004ED28A /* CircleImage.swift */; };
		9E991EC829EDC150004ED28A /* AstronautInfoText.swift in Sources */ = {isa = PBXBuildFile; fileRef = 9E991EC729EDC150004ED28A /* AstronautInfoText.swift */; };
		9E991ECE29EF49FF004ED28A /* NukeUI in Frameworks */ = {isa = PBXBuildFile; productRef = 9E991ECD29EF49FF004ED28A /* NukeUI */; };
		9E991ED029EF4D90004ED28A /* ProcessedImage.swift in Sources */ = {isa = PBXBuildFile; fileRef = 9E991ECF29EF4D90004ED28A /* ProcessedImage.swift */; };
		9E991ED229EF5866004ED28A /* CoverView.swift in Sources */ = {isa = PBXBuildFile; fileRef = 9E991ED129EF5866004ED28A /* CoverView.swift */; };
		9E991ED929F08EC4004ED28A /* AppLoginManager.swift in Sources */ = {isa = PBXBuildFile; fileRef = 9E991ED829F08EC4004ED28A /* AppLoginManager.swift */; };
		9E991EDB29F094A8004ED28A /* AppDelegate.swift in Sources */ = {isa = PBXBuildFile; fileRef = 9E991EDA29F094A8004ED28A /* AppDelegate.swift */; };
		9E991EDE29F13197004ED28A /* FacebookCore in Frameworks */ = {isa = PBXBuildFile; productRef = 9E991EDD29F13197004ED28A /* FacebookCore */; };
		9E991EE029F13197004ED28A /* FacebookLogin in Frameworks */ = {isa = PBXBuildFile; productRef = 9E991EDF29F13197004ED28A /* FacebookLogin */; };
		9E991EE229F13197004ED28A /* FacebookShare in Frameworks */ = {isa = PBXBuildFile; productRef = 9E991EE129F13197004ED28A /* FacebookShare */; };
		9EDB97BE29F7B130001DBBB0 /* AstronautList.swift in Sources */ = {isa = PBXBuildFile; fileRef = 9EDB97BD29F7B130001DBBB0 /* AstronautList.swift */; };
		9EDB97C029F7B2BF001DBBB0 /* LoggedInProfileImage.swift in Sources */ = {isa = PBXBuildFile; fileRef = 9EDB97BF29F7B2BF001DBBB0 /* LoggedInProfileImage.swift */; };
/* End PBXBuildFile section */

/* Begin PBXFileReference section */
		9E991EA329E99292004ED28A /* AstroHunt.app */ = {isa = PBXFileReference; explicitFileType = wrapper.application; includeInIndex = 0; path = AstroHunt.app; sourceTree = BUILT_PRODUCTS_DIR; };
		9E991EA629E99292004ED28A /* AstroHuntApp.swift */ = {isa = PBXFileReference; lastKnownFileType = sourcecode.swift; path = AstroHuntApp.swift; sourceTree = "<group>"; };
		9E991EA829E99292004ED28A /* ContentView.swift */ = {isa = PBXFileReference; lastKnownFileType = sourcecode.swift; path = ContentView.swift; sourceTree = "<group>"; };
		9E991EAA29E99293004ED28A /* Assets.xcassets */ = {isa = PBXFileReference; lastKnownFileType = folder.assetcatalog; path = Assets.xcassets; sourceTree = "<group>"; };
		9E991EAD29E99293004ED28A /* Preview Assets.xcassets */ = {isa = PBXFileReference; lastKnownFileType = folder.assetcatalog; path = "Preview Assets.xcassets"; sourceTree = "<group>"; };
		9E991EB629E99668004ED28A /* AstronautRow.swift */ = {isa = PBXFileReference; lastKnownFileType = sourcecode.swift; path = AstronautRow.swift; sourceTree = "<group>"; };
		9E991EB929E9971E004ED28A /* Astronaut.swift */ = {isa = PBXFileReference; lastKnownFileType = sourcecode.swift; path = Astronaut.swift; sourceTree = "<group>"; };
		9E991EBF29EA53C8004ED28A /* NetworkManager.swift */ = {isa = PBXFileReference; lastKnownFileType = sourcecode.swift; path = NetworkManager.swift; sourceTree = "<group>"; };
		9E991EC129EBA453004ED28A /* LoadingView.swift */ = {isa = PBXFileReference; lastKnownFileType = sourcecode.swift; path = LoadingView.swift; sourceTree = "<group>"; };
		9E991EC329EBB3D4004ED28A /* DetailView.swift */ = {isa = PBXFileReference; lastKnownFileType = sourcecode.swift; path = DetailView.swift; sourceTree = "<group>"; };
		9E991EC529ED6252004ED28A /* CircleImage.swift */ = {isa = PBXFileReference; lastKnownFileType = sourcecode.swift; path = CircleImage.swift; sourceTree = "<group>"; };
		9E991EC729EDC150004ED28A /* AstronautInfoText.swift */ = {isa = PBXFileReference; lastKnownFileType = sourcecode.swift; path = AstronautInfoText.swift; sourceTree = "<group>"; };
		9E991ECF29EF4D90004ED28A /* ProcessedImage.swift */ = {isa = PBXFileReference; lastKnownFileType = sourcecode.swift; path = ProcessedImage.swift; sourceTree = "<group>"; };
		9E991ED129EF5866004ED28A /* CoverView.swift */ = {isa = PBXFileReference; lastKnownFileType = sourcecode.swift; path = CoverView.swift; sourceTree = "<group>"; };
		9E991ED329EF5DB1004ED28A /* AstroHunt.entitlements */ = {isa = PBXFileReference; lastKnownFileType = text.plist.entitlements; path = AstroHunt.entitlements; sourceTree = "<group>"; };
		9E991ED729F08533004ED28A /* Info.plist */ = {isa = PBXFileReference; lastKnownFileType = text.plist; path = Info.plist; sourceTree = "<group>"; };
		9E991ED829F08EC4004ED28A /* AppLoginManager.swift */ = {isa = PBXFileReference; lastKnownFileType = sourcecode.swift; path = AppLoginManager.swift; sourceTree = "<group>"; };
		9E991EDA29F094A8004ED28A /* AppDelegate.swift */ = {isa = PBXFileReference; lastKnownFileType = sourcecode.swift; path = AppDelegate.swift; sourceTree = "<group>"; };
		9EDB97BD29F7B130001DBBB0 /* AstronautList.swift */ = {isa = PBXFileReference; lastKnownFileType = sourcecode.swift; path = AstronautList.swift; sourceTree = "<group>"; };
		9EDB97BF29F7B2BF001DBBB0 /* LoggedInProfileImage.swift */ = {isa = PBXFileReference; lastKnownFileType = sourcecode.swift; path = LoggedInProfileImage.swift; sourceTree = "<group>"; };
/* End PBXFileReference section */

/* Begin PBXFrameworksBuildPhase section */
		9E991EA029E99292004ED28A /* Frameworks */ = {
			isa = PBXFrameworksBuildPhase;
			buildActionMask = 2147483647;
			files = (
				9E991ECE29EF49FF004ED28A /* NukeUI in Frameworks */,
				9E991EDE29F13197004ED28A /* FacebookCore in Frameworks */,
				9E991EE229F13197004ED28A /* FacebookShare in Frameworks */,
				9E991EE029F13197004ED28A /* FacebookLogin in Frameworks */,
			);
			runOnlyForDeploymentPostprocessing = 0;
		};
/* End PBXFrameworksBuildPhase section */

/* Begin PBXGroup section */
		9E991E9A29E99292004ED28A = {
			isa = PBXGroup;
			children = (
				9E991EA529E99292004ED28A /* AstroHunt */,
				9E991EA429E99292004ED28A /* Products */,
			);
			sourceTree = "<group>";
		};
		9E991EA429E99292004ED28A /* Products */ = {
			isa = PBXGroup;
			children = (
				9E991EA329E99292004ED28A /* AstroHunt.app */,
			);
			name = Products;
			sourceTree = "<group>";
		};
		9E991EA529E99292004ED28A /* AstroHunt */ = {
			isa = PBXGroup;
			children = (
				9E991ED729F08533004ED28A /* Info.plist */,
				9E991ED329EF5DB1004ED28A /* AstroHunt.entitlements */,
				9E991EBB29E99B8A004ED28A /* Utilities */,
				9E991EA629E99292004ED28A /* AstroHuntApp.swift */,
				9E991EBE29E9A08A004ED28A /* Views */,
				9E991EB829E99700004ED28A /* Model */,
				9E991EAA29E99293004ED28A /* Assets.xcassets */,
				9E991EAC29E99293004ED28A /* Preview Content */,
			);
			path = AstroHunt;
			sourceTree = "<group>";
		};
		9E991EAC29E99293004ED28A /* Preview Content */ = {
			isa = PBXGroup;
			children = (
				9E991EAD29E99293004ED28A /* Preview Assets.xcassets */,
			);
			path = "Preview Content";
			sourceTree = "<group>";
		};
		9E991EB829E99700004ED28A /* Model */ = {
			isa = PBXGroup;
			children = (
				9E991EB929E9971E004ED28A /* Astronaut.swift */,
			);
			path = Model;
			sourceTree = "<group>";
		};
		9E991EBB29E99B8A004ED28A /* Utilities */ = {
			isa = PBXGroup;
			children = (
				9E991EBF29EA53C8004ED28A /* NetworkManager.swift */,
				9E991ED829F08EC4004ED28A /* AppLoginManager.swift */,
				9E991EDA29F094A8004ED28A /* AppDelegate.swift */,
			);
			path = Utilities;
			sourceTree = "<group>";
		};
		9E991EBE29E9A08A004ED28A /* Views */ = {
			isa = PBXGroup;
			children = (
				9E991EA829E99292004ED28A /* ContentView.swift */,
				9EDB97BF29F7B2BF001DBBB0 /* LoggedInProfileImage.swift */,
				9EDB97BD29F7B130001DBBB0 /* AstronautList.swift */,
				9E991EB629E99668004ED28A /* AstronautRow.swift */,
				9E991EC129EBA453004ED28A /* LoadingView.swift */,
				9E991EC329EBB3D4004ED28A /* DetailView.swift */,
				9E991ED129EF5866004ED28A /* CoverView.swift */,
				9E991EC729EDC150004ED28A /* AstronautInfoText.swift */,
				9E991EC529ED6252004ED28A /* CircleImage.swift */,
				9E991ECF29EF4D90004ED28A /* ProcessedImage.swift */,
			);
			path = Views;
			sourceTree = "<group>";
		};
/* End PBXGroup section */

/* Begin PBXNativeTarget section */
		9E991EA229E99292004ED28A /* AstroHunt */ = {
			isa = PBXNativeTarget;
			buildConfigurationList = 9E991EB129E99293004ED28A /* Build configuration list for PBXNativeTarget "AstroHunt" */;
			buildPhases = (
				9E991E9F29E99292004ED28A /* Sources */,
				9E991EA029E99292004ED28A /* Frameworks */,
				9E991EA129E99292004ED28A /* Resources */,
			);
			buildRules = (
			);
			dependencies = (
			);
			name = AstroHunt;
			packageProductDependencies = (
				9E991ECD29EF49FF004ED28A /* NukeUI */,
				9E991EDD29F13197004ED28A /* FacebookCore */,
				9E991EDF29F13197004ED28A /* FacebookLogin */,
				9E991EE129F13197004ED28A /* FacebookShare */,
			);
			productName = AstroHunt;
			productReference = 9E991EA329E99292004ED28A /* AstroHunt.app */;
			productType = "com.apple.product-type.application";
		};
/* End PBXNativeTarget section */

/* Begin PBXProject section */
		9E991E9B29E99292004ED28A /* Project object */ = {
			isa = PBXProject;
			attributes = {
				BuildIndependentTargetsInParallel = 1;
				LastSwiftUpdateCheck = 1430;
				LastUpgradeCheck = 1430;
				TargetAttributes = {
					9E991EA229E99292004ED28A = {
						CreatedOnToolsVersion = 14.3;
					};
				};
			};
			buildConfigurationList = 9E991E9E29E99292004ED28A /* Build configuration list for PBXProject "AstroHunt" */;
			compatibilityVersion = "Xcode 14.0";
			developmentRegion = en;
			hasScannedForEncodings = 0;
			knownRegions = (
				en,
				Base,
			);
			mainGroup = 9E991E9A29E99292004ED28A;
			packageReferences = (
				9E991ECC29EF49FF004ED28A /* XCRemoteSwiftPackageReference "Nuke" */,
				9E991EDC29F13197004ED28A /* XCRemoteSwiftPackageReference "facebook-ios-sdk" */,
			);
			productRefGroup = 9E991EA429E99292004ED28A /* Products */;
			projectDirPath = "";
			projectRoot = "";
			targets = (
				9E991EA229E99292004ED28A /* AstroHunt */,
			);
		};
/* End PBXProject section */

/* Begin PBXResourcesBuildPhase section */
		9E991EA129E99292004ED28A /* Resources */ = {
			isa = PBXResourcesBuildPhase;
			buildActionMask = 2147483647;
			files = (
				9E991EAE29E99293004ED28A /* Preview Assets.xcassets in Resources */,
				9E991EAB29E99293004ED28A /* Assets.xcassets in Resources */,
			);
			runOnlyForDeploymentPostprocessing = 0;
		};
/* End PBXResourcesBuildPhase section */

/* Begin PBXSourcesBuildPhase section */
		9E991E9F29E99292004ED28A /* Sources */ = {
			isa = PBXSourcesBuildPhase;
			buildActionMask = 2147483647;
			files = (
				9E991ED029EF4D90004ED28A /* ProcessedImage.swift in Sources */,
				9E991EA929E99292004ED28A /* ContentView.swift in Sources */,
				9E991EC629ED6252004ED28A /* CircleImage.swift in Sources */,
				9E991EB729E99668004ED28A /* AstronautRow.swift in Sources */,
				9E991ED229EF5866004ED28A /* CoverView.swift in Sources */,
				9E991EC029EA53C8004ED28A /* NetworkManager.swift in Sources */,
				9E991EC429EBB3D4004ED28A /* DetailView.swift in Sources */,
				9E991EA729E99292004ED28A /* AstroHuntApp.swift in Sources */,
				9E991EDB29F094A8004ED28A /* AppDelegate.swift in Sources */,
				9EDB97BE29F7B130001DBBB0 /* AstronautList.swift in Sources */,
				9EDB97C029F7B2BF001DBBB0 /* LoggedInProfileImage.swift in Sources */,
				9E991ED929F08EC4004ED28A /* AppLoginManager.swift in Sources */,
				9E991EBA29E9971E004ED28A /* Astronaut.swift in Sources */,
				9E991EC829EDC150004ED28A /* AstronautInfoText.swift in Sources */,
				9E991EC229EBA453004ED28A /* LoadingView.swift in Sources */,
			);
			runOnlyForDeploymentPostprocessing = 0;
		};
/* End PBXSourcesBuildPhase section */

/* Begin XCBuildConfiguration section */
		9E991EAF29E99293004ED28A /* Debug */ = {
			isa = XCBuildConfiguration;
			buildSettings = {
				ALWAYS_SEARCH_USER_PATHS = NO;
				CLANG_ANALYZER_NONNULL = YES;
				CLANG_ANALYZER_NUMBER_OBJECT_CONVERSION = YES_AGGRESSIVE;
				CLANG_CXX_LANGUAGE_STANDARD = "gnu++20";
				CLANG_ENABLE_MODULES = YES;
				CLANG_ENABLE_OBJC_ARC = YES;
				CLANG_ENABLE_OBJC_WEAK = YES;
				CLANG_WARN_BLOCK_CAPTURE_AUTORELEASING = YES;
				CLANG_WARN_BOOL_CONVERSION = YES;
				CLANG_WARN_COMMA = YES;
				CLANG_WARN_CONSTANT_CONVERSION = YES;
				CLANG_WARN_DEPRECATED_OBJC_IMPLEMENTATIONS = YES;
				CLANG_WARN_DIRECT_OBJC_ISA_USAGE = YES_ERROR;
				CLANG_WARN_DOCUMENTATION_COMMENTS = YES;
				CLANG_WARN_EMPTY_BODY = YES;
				CLANG_WARN_ENUM_CONVERSION = YES;
				CLANG_WARN_INFINITE_RECURSION = YES;
				CLANG_WARN_INT_CONVERSION = YES;
				CLANG_WARN_NON_LITERAL_NULL_CONVERSION = YES;
				CLANG_WARN_OBJC_IMPLICIT_RETAIN_SELF = YES;
				CLANG_WARN_OBJC_LITERAL_CONVERSION = YES;
				CLANG_WARN_OBJC_ROOT_CLASS = YES_ERROR;
				CLANG_WARN_QUOTED_INCLUDE_IN_FRAMEWORK_HEADER = YES;
				CLANG_WARN_RANGE_LOOP_ANALYSIS = YES;
				CLANG_WARN_STRICT_PROTOTYPES = YES;
				CLANG_WARN_SUSPICIOUS_MOVE = YES;
				CLANG_WARN_UNGUARDED_AVAILABILITY = YES_AGGRESSIVE;
				CLANG_WARN_UNREACHABLE_CODE = YES;
				CLANG_WARN__DUPLICATE_METHOD_MATCH = YES;
				COPY_PHASE_STRIP = NO;
				DEBUG_INFORMATION_FORMAT = dwarf;
				ENABLE_STRICT_OBJC_MSGSEND = YES;
				ENABLE_TESTABILITY = YES;
				GCC_C_LANGUAGE_STANDARD = gnu11;
				GCC_DYNAMIC_NO_PIC = NO;
				GCC_NO_COMMON_BLOCKS = YES;
				GCC_OPTIMIZATION_LEVEL = 0;
				GCC_PREPROCESSOR_DEFINITIONS = (
					"DEBUG=1",
					"$(inherited)",
				);
				GCC_WARN_64_TO_32_BIT_CONVERSION = YES;
				GCC_WARN_ABOUT_RETURN_TYPE = YES_ERROR;
				GCC_WARN_UNDECLARED_SELECTOR = YES;
				GCC_WARN_UNINITIALIZED_AUTOS = YES_AGGRESSIVE;
				GCC_WARN_UNUSED_FUNCTION = YES;
				GCC_WARN_UNUSED_VARIABLE = YES;
				IPHONEOS_DEPLOYMENT_TARGET = 16.4;
				MTL_ENABLE_DEBUG_INFO = INCLUDE_SOURCE;
				MTL_FAST_MATH = YES;
				ONLY_ACTIVE_ARCH = YES;
				SDKROOT = iphoneos;
				SWIFT_ACTIVE_COMPILATION_CONDITIONS = DEBUG;
				SWIFT_OPTIMIZATION_LEVEL = "-Onone";
			};
			name = Debug;
		};
		9E991EB029E99293004ED28A /* Release */ = {
			isa = XCBuildConfiguration;
			buildSettings = {
				ALWAYS_SEARCH_USER_PATHS = NO;
				CLANG_ANALYZER_NONNULL = YES;
				CLANG_ANALYZER_NUMBER_OBJECT_CONVERSION = YES_AGGRESSIVE;
				CLANG_CXX_LANGUAGE_STANDARD = "gnu++20";
				CLANG_ENABLE_MODULES = YES;
				CLANG_ENABLE_OBJC_ARC = YES;
				CLANG_ENABLE_OBJC_WEAK = YES;
				CLANG_WARN_BLOCK_CAPTURE_AUTORELEASING = YES;
				CLANG_WARN_BOOL_CONVERSION = YES;
				CLANG_WARN_COMMA = YES;
				CLANG_WARN_CONSTANT_CONVERSION = YES;
				CLANG_WARN_DEPRECATED_OBJC_IMPLEMENTATIONS = YES;
				CLANG_WARN_DIRECT_OBJC_ISA_USAGE = YES_ERROR;
				CLANG_WARN_DOCUMENTATION_COMMENTS = YES;
				CLANG_WARN_EMPTY_BODY = YES;
				CLANG_WARN_ENUM_CONVERSION = YES;
				CLANG_WARN_INFINITE_RECURSION = YES;
				CLANG_WARN_INT_CONVERSION = YES;
				CLANG_WARN_NON_LITERAL_NULL_CONVERSION = YES;
				CLANG_WARN_OBJC_IMPLICIT_RETAIN_SELF = YES;
				CLANG_WARN_OBJC_LITERAL_CONVERSION = YES;
				CLANG_WARN_OBJC_ROOT_CLASS = YES_ERROR;
				CLANG_WARN_QUOTED_INCLUDE_IN_FRAMEWORK_HEADER = YES;
				CLANG_WARN_RANGE_LOOP_ANALYSIS = YES;
				CLANG_WARN_STRICT_PROTOTYPES = YES;
				CLANG_WARN_SUSPICIOUS_MOVE = YES;
				CLANG_WARN_UNGUARDED_AVAILABILITY = YES_AGGRESSIVE;
				CLANG_WARN_UNREACHABLE_CODE = YES;
				CLANG_WARN__DUPLICATE_METHOD_MATCH = YES;
				COPY_PHASE_STRIP = NO;
				DEBUG_INFORMATION_FORMAT = "dwarf-with-dsym";
				ENABLE_NS_ASSERTIONS = NO;
				ENABLE_STRICT_OBJC_MSGSEND = YES;
				GCC_C_LANGUAGE_STANDARD = gnu11;
				GCC_NO_COMMON_BLOCKS = YES;
				GCC_WARN_64_TO_32_BIT_CONVERSION = YES;
				GCC_WARN_ABOUT_RETURN_TYPE = YES_ERROR;
				GCC_WARN_UNDECLARED_SELECTOR = YES;
				GCC_WARN_UNINITIALIZED_AUTOS = YES_AGGRESSIVE;
				GCC_WARN_UNUSED_FUNCTION = YES;
				GCC_WARN_UNUSED_VARIABLE = YES;
				IPHONEOS_DEPLOYMENT_TARGET = 16.4;
				MTL_ENABLE_DEBUG_INFO = NO;
				MTL_FAST_MATH = YES;
				SDKROOT = iphoneos;
				SWIFT_COMPILATION_MODE = wholemodule;
				SWIFT_OPTIMIZATION_LEVEL = "-O";
				VALIDATE_PRODUCT = YES;
			};
			name = Release;
		};
		9E991EB229E99293004ED28A /* Debug */ = {
			isa = XCBuildConfiguration;
			buildSettings = {
				ASSETCATALOG_COMPILER_APPICON_NAME = AppIcon;
				ASSETCATALOG_COMPILER_GLOBAL_ACCENT_COLOR_NAME = AccentColor;
				ASSETCATALOG_COMPILER_INCLUDE_ALL_APPICON_ASSETS = YES;
				CODE_SIGN_ENTITLEMENTS = AstroHunt/AstroHunt.entitlements;
				CODE_SIGN_STYLE = Automatic;
				CURRENT_PROJECT_VERSION = 1;
				DEVELOPMENT_ASSET_PATHS = "\"AstroHunt/Preview Content\"";
				DEVELOPMENT_TEAM = Z89THRG3RT;
				ENABLE_PREVIEWS = YES;
				GENERATE_INFOPLIST_FILE = YES;
				INFOPLIST_FILE = AstroHunt/Info.plist;
				INFOPLIST_KEY_CFBundleDisplayName = AstroHunt;
				INFOPLIST_KEY_LSApplicationCategoryType = "public.app-category.education";
				INFOPLIST_KEY_LSSupportsOpeningDocumentsInPlace = NO;
				INFOPLIST_KEY_NSFaceIDUsageDescription = "We need to unlock the application";
				INFOPLIST_KEY_UIApplicationSceneManifest_Generation = YES;
				INFOPLIST_KEY_UIApplicationSupportsIndirectInputEvents = YES;
				INFOPLIST_KEY_UILaunchScreen_Generation = YES;
				INFOPLIST_KEY_UISupportedInterfaceOrientations_iPad = "UIInterfaceOrientationPortrait UIInterfaceOrientationPortraitUpsideDown UIInterfaceOrientationLandscapeLeft UIInterfaceOrientationLandscapeRight";
				INFOPLIST_KEY_UISupportedInterfaceOrientations_iPhone = "UIInterfaceOrientationPortrait UIInterfaceOrientationLandscapeLeft UIInterfaceOrientationLandscapeRight";
				LD_RUNPATH_SEARCH_PATHS = (
					"$(inherited)",
					"@executable_path/Frameworks",
				);
				MARKETING_VERSION = 1.0;
				PRODUCT_BUNDLE_IDENTIFIER = com.accenture.AstroHunt;
				PRODUCT_NAME = "$(TARGET_NAME)";
				SWIFT_EMIT_LOC_STRINGS = YES;
				SWIFT_VERSION = 5.0;
				TARGETED_DEVICE_FAMILY = "1,2";
			};
			name = Debug;
		};
		9E991EB329E99293004ED28A /* Release */ = {
			isa = XCBuildConfiguration;
			buildSettings = {
				ASSETCATALOG_COMPILER_APPICON_NAME = AppIcon;
				ASSETCATALOG_COMPILER_GLOBAL_ACCENT_COLOR_NAME = AccentColor;
				ASSETCATALOG_COMPILER_INCLUDE_ALL_APPICON_ASSETS = YES;
				CODE_SIGN_ENTITLEMENTS = AstroHunt/AstroHunt.entitlements;
				CODE_SIGN_STYLE = Automatic;
				CURRENT_PROJECT_VERSION = 1;
				DEVELOPMENT_ASSET_PATHS = "\"AstroHunt/Preview Content\"";
				DEVELOPMENT_TEAM = Z89THRG3RT;
				ENABLE_PREVIEWS = YES;
				GENERATE_INFOPLIST_FILE = YES;
				INFOPLIST_FILE = AstroHunt/Info.plist;
				INFOPLIST_KEY_CFBundleDisplayName = AstroHunt;
				INFOPLIST_KEY_LSApplicationCategoryType = "public.app-category.education";
				INFOPLIST_KEY_LSSupportsOpeningDocumentsInPlace = NO;
				INFOPLIST_KEY_NSFaceIDUsageDescription = "We need to unlock the application";
				INFOPLIST_KEY_UIApplicationSceneManifest_Generation = YES;
				INFOPLIST_KEY_UIApplicationSupportsIndirectInputEvents = YES;
				INFOPLIST_KEY_UILaunchScreen_Generation = YES;
				INFOPLIST_KEY_UISupportedInterfaceOrientations_iPad = "UIInterfaceOrientationPortrait UIInterfaceOrientationPortraitUpsideDown UIInterfaceOrientationLandscapeLeft UIInterfaceOrientationLandscapeRight";
				INFOPLIST_KEY_UISupportedInterfaceOrientations_iPhone = "UIInterfaceOrientationPortrait UIInterfaceOrientationLandscapeLeft UIInterfaceOrientationLandscapeRight";
				LD_RUNPATH_SEARCH_PATHS = (
					"$(inherited)",
					"@executable_path/Frameworks",
				);
				MARKETING_VERSION = 1.0;
				PRODUCT_BUNDLE_IDENTIFIER = com.accenture.AstroHunt;
				PRODUCT_NAME = "$(TARGET_NAME)";
				SWIFT_EMIT_LOC_STRINGS = YES;
				SWIFT_VERSION = 5.0;
				TARGETED_DEVICE_FAMILY = "1,2";
			};
			name = Release;
		};
/* End XCBuildConfiguration section */

/* Begin XCConfigurationList section */
		9E991E9E29E99292004ED28A /* Build configuration list for PBXProject "AstroHunt" */ = {
			isa = XCConfigurationList;
			buildConfigurations = (
				9E991EAF29E99293004ED28A /* Debug */,
				9E991EB029E99293004ED28A /* Release */,
			);
			defaultConfigurationIsVisible = 0;
			defaultConfigurationName = Release;
		};
		9E991EB129E99293004ED28A /* Build configuration list for PBXNativeTarget "AstroHunt" */ = {
			isa = XCConfigurationList;
			buildConfigurations = (
				9E991EB229E99293004ED28A /* Debug */,
				9E991EB329E99293004ED28A /* Release */,
			);
			defaultConfigurationIsVisible = 0;
			defaultConfigurationName = Release;
		};
/* End XCConfigurationList section */

/* Begin XCRemoteSwiftPackageReference section */
		9E991ECC29EF49FF004ED28A /* XCRemoteSwiftPackageReference "Nuke" */ = {
			isa = XCRemoteSwiftPackageReference;
			repositoryURL = "https://github.com/kean/Nuke.git";
			requirement = {
				kind = upToNextMajorVersion;
				minimumVersion = 12.0.0;
			};
		};
		9E991EDC29F13197004ED28A /* XCRemoteSwiftPackageReference "facebook-ios-sdk" */ = {
			isa = XCRemoteSwiftPackageReference;
			repositoryURL = "https://github.com/facebook/facebook-ios-sdk";
			requirement = {
				kind = upToNextMajorVersion;
				minimumVersion = 14.0.0;
			};
		};
/* End XCRemoteSwiftPackageReference section */

/* Begin XCSwiftPackageProductDependency section */
		9E991ECD29EF49FF004ED28A /* NukeUI */ = {
			isa = XCSwiftPackageProductDependency;
			package = 9E991ECC29EF49FF004ED28A /* XCRemoteSwiftPackageReference "Nuke" */;
			productName = NukeUI;
		};
		9E991EDD29F13197004ED28A /* FacebookCore */ = {
			isa = XCSwiftPackageProductDependency;
			package = 9E991EDC29F13197004ED28A /* XCRemoteSwiftPackageReference "facebook-ios-sdk" */;
			productName = FacebookCore;
		};
		9E991EDF29F13197004ED28A /* FacebookLogin */ = {
			isa = XCSwiftPackageProductDependency;
			package = 9E991EDC29F13197004ED28A /* XCRemoteSwiftPackageReference "facebook-ios-sdk" */;
			productName = FacebookLogin;
		};
		9E991EE129F13197004ED28A /* FacebookShare */ = {
			isa = XCSwiftPackageProductDependency;
			package = 9E991EDC29F13197004ED28A /* XCRemoteSwiftPackageReference "facebook-ios-sdk" */;
			productName = FacebookShare;
		};
/* End XCSwiftPackageProductDependency section */
	};
	rootObject = 9E991E9B29E99292004ED28A /* Project object */;
}
